# This file is automatically @generated by Cargo.
# It is not intended for manual editing.
version = 3

[[package]]
name = "android_system_properties"
version = "0.1.5"
source = "registry+https://github.com/rust-lang/crates.io-index"
checksum = "819e7219dbd41043ac279b19830f2efc897156490d7fd6ea916720117ee66311"
dependencies = [
 "libc",
]

[[package]]
name = "ansi_term"
version = "0.12.1"
source = "registry+https://github.com/rust-lang/crates.io-index"
checksum = "d52a9bb7ec0cf484c551830a7ce27bd20d67eac647e1befb56b0be4ee39a55d2"
dependencies = [
 "winapi 0.3.9",
]

[[package]]
name = "atty"
version = "0.2.14"
source = "registry+https://github.com/rust-lang/crates.io-index"
checksum = "d9b39be18770d11421cdb1b9947a45dd3f37e93092cbf377614828a319d5fee8"
dependencies = [
 "hermit-abi",
 "libc",
 "winapi 0.3.9",
]

[[package]]
name = "autocfg"
version = "1.0.0"
source = "registry+https://github.com/rust-lang/crates.io-index"
checksum = "f8aac770f1885fd7e387acedd76065302551364496e46b3dd00860b2f8359b9d"

[[package]]
name = "bitflags"
version = "1.2.1"
source = "registry+https://github.com/rust-lang/crates.io-index"
checksum = "cf1de2fe8c75bc145a2f577add951f8134889b4795d47466a54a5c846d691693"

[[package]]
name = "bumpalo"
version = "3.13.0"
source = "registry+https://github.com/rust-lang/crates.io-index"
checksum = "a3e2c3daef883ecc1b5d58c15adae93470a91d425f3532ba1695849656af3fc1"

[[package]]
name = "cc"
version = "1.0.79"
source = "registry+https://github.com/rust-lang/crates.io-index"
checksum = "50d30906286121d95be3d479533b458f87493b30a4b5f79a607db8f5d11aa91f"

[[package]]
name = "cfg-if"
version = "1.0.0"
source = "registry+https://github.com/rust-lang/crates.io-index"
checksum = "baf1de4339761588bc0619e3cbc0120ee582ebb74b53b4efbf79117bd2da40fd"

[[package]]
name = "chrono"
version = "0.4.24"
source = "registry+https://github.com/rust-lang/crates.io-index"
checksum = "4e3c5919066adf22df73762e50cffcde3a758f2a848b113b586d1f86728b673b"
dependencies = [
 "iana-time-zone",
 "js-sys",
 "num-integer",
 "num-traits",
 "time",
 "wasm-bindgen",
 "winapi 0.3.9",
]

[[package]]
name = "clap"
version = "2.34.0"
source = "registry+https://github.com/rust-lang/crates.io-index"
checksum = "a0610544180c38b88101fecf2dd634b174a62eef6946f84dfc6a7127512b381c"
dependencies = [
 "ansi_term",
 "atty",
 "bitflags",
 "strsim",
 "textwrap",
 "unicode-width",
 "vec_map",
]

[[package]]
name = "core-foundation-sys"
version = "0.8.4"
source = "registry+https://github.com/rust-lang/crates.io-index"
checksum = "e496a50fda8aacccc86d7529e2c1e0892dbd0f898a6b5645b5561b89c3210efa"

[[package]]
name = "device_query"
version = "0.2.4"
source = "registry+https://github.com/rust-lang/crates.io-index"
checksum = "65173f8f999a7cbe8e28f3847dcb7fec292fccd660bb41010e80a1105e22f2ec"
dependencies = [
 "input-event-codes",
 "pkg-config",
 "readkey",
 "readmouse",
 "user32-sys",
 "winapi 0.2.8",
 "x11",
]

[[package]]
name = "hermit-abi"
version = "0.1.15"
source = "registry+https://github.com/rust-lang/crates.io-index"
checksum = "3deed196b6e7f9e44a2ae8d94225d80302d81208b1bb673fd21fe634645c85a9"
dependencies = [
 "libc",
]

[[package]]
name = "iana-time-zone"
version = "0.1.56"
source = "registry+https://github.com/rust-lang/crates.io-index"
checksum = "0722cd7114b7de04316e7ea5456a0bbb20e4adb46fd27a3697adb812cff0f37c"
dependencies = [
 "android_system_properties",
 "core-foundation-sys",
 "iana-time-zone-haiku",
 "js-sys",
 "wasm-bindgen",
 "windows",
]

[[package]]
name = "iana-time-zone-haiku"
version = "0.1.2"
source = "registry+https://github.com/rust-lang/crates.io-index"
checksum = "f31827a206f56af32e590ba56d5d2d085f558508192593743f16b2306495269f"
dependencies = [
 "cc",
]

[[package]]
name = "input-event-codes"
version = "0.2.1"
source = "registry+https://github.com/rust-lang/crates.io-index"
checksum = "acb51da0fc0301c7b9a39fd88a5ce0c2b2c3af08f60e610f0a505bb0abfa0712"

[[package]]
name = "js-sys"
version = "0.3.63"
source = "registry+https://github.com/rust-lang/crates.io-index"
checksum = "2f37a4a5928311ac501dee68b3c7613a1037d0edb30c8e5427bd832d55d1b790"
dependencies = [
 "wasm-bindgen",
]

[[package]]
name = "keylogger"
version = "0.1.3"
dependencies = [
 "chrono",
 "clap",
 "device_query",
]

[[package]]
name = "libc"
version = "0.2.144"
source = "registry+https://github.com/rust-lang/crates.io-index"
checksum = "2b00cc1c228a6782d0f076e7b232802e0c5689d41bb5df366f2a6b6621cfdfe1"

[[package]]
name = "log"
version = "0.4.17"
source = "registry+https://github.com/rust-lang/crates.io-index"
checksum = "abb12e687cfb44aa40f41fc3978ef76448f9b6038cad6aef4259d3c095a2382e"
dependencies = [
 "cfg-if",
]

[[package]]
name = "num-integer"
version = "0.1.43"
source = "registry+https://github.com/rust-lang/crates.io-index"
checksum = "8d59457e662d541ba17869cf51cf177c0b5f0cbf476c66bdc90bf1edac4f875b"
dependencies = [
 "autocfg",
 "num-traits",
]

[[package]]
name = "num-traits"
version = "0.2.12"
source = "registry+https://github.com/rust-lang/crates.io-index"
checksum = "ac267bcc07f48ee5f8935ab0d24f316fb722d7a1292e2913f0cc196b29ffd611"
dependencies = [
 "autocfg",
]

[[package]]
name = "once_cell"
version = "1.17.1"
source = "registry+https://github.com/rust-lang/crates.io-index"
checksum = "b7e5500299e16ebb147ae15a00a942af264cf3688f47923b8fc2cd5858f23ad3"

[[package]]
name = "pkg-config"
version = "0.3.18"
source = "registry+https://github.com/rust-lang/crates.io-index"
checksum = "d36492546b6af1463394d46f0c834346f31548646f6ba10849802c9c9a27ac33"

[[package]]
name = "proc-macro2"
version = "1.0.58"
source = "registry+https://github.com/rust-lang/crates.io-index"
checksum = "fa1fb82fc0c281dd9671101b66b771ebbe1eaf967b96ac8740dcba4b70005ca8"
dependencies = [
 "unicode-ident",
]

[[package]]
name = "quote"
version = "1.0.27"
source = "registry+https://github.com/rust-lang/crates.io-index"
checksum = "8f4f29d145265ec1c483c7c654450edde0bfe043d3938d6972630663356d9500"
dependencies = [
 "proc-macro2",
]

[[package]]
name = "readkey"
version = "0.1.7"
source = "registry+https://github.com/rust-lang/crates.io-index"
checksum = "86d401b6d6a1725a59f1b4e813275d289dff3ad09c72b373a10a7a8217ba3146"

[[package]]
name = "readmouse"
version = "0.2.1"
source = "registry+https://github.com/rust-lang/crates.io-index"
checksum = "be105c72a1e6a5a1198acee3d5b506a15676b74a02ecd78060042a447f408d94"

[[package]]
name = "strsim"
version = "0.8.0"
source = "registry+https://github.com/rust-lang/crates.io-index"
checksum = "8ea5119cdb4c55b55d432abb513a0429384878c15dde60cc77b1c99de1a95a6a"

[[package]]
name = "syn"
version = "2.0.16"
source = "registry+https://github.com/rust-lang/crates.io-index"
checksum = "a6f671d4b5ffdb8eadec19c0ae67fe2639df8684bd7bc4b83d986b8db549cf01"
dependencies = [
 "proc-macro2",
 "quote",
 "unicode-ident",
]

[[package]]
name = "textwrap"
version = "0.11.0"
source = "registry+https://github.com/rust-lang/crates.io-index"
checksum = "d326610f408c7a4eb6f51c37c330e496b08506c9457c9d34287ecc38809fb060"
dependencies = [
 "unicode-width",
]

[[package]]
name = "time"
version = "0.1.43"
source = "registry+https://github.com/rust-lang/crates.io-index"
checksum = "ca8a50ef2360fbd1eeb0ecd46795a87a19024eb4b53c5dc916ca1fd95fe62438"
dependencies = [
 "libc",
 "winapi 0.3.9",
]

[[package]]
name = "unicode-ident"
version = "1.0.9"
source = "registry+https://github.com/rust-lang/crates.io-index"
checksum = "b15811caf2415fb889178633e7724bad2509101cde276048e013b9def5e51fa0"

[[package]]
name = "unicode-width"
version = "0.1.8"
source = "registry+https://github.com/rust-lang/crates.io-index"
checksum = "9337591893a19b88d8d87f2cec1e73fad5cdfd10e5a6f349f498ad6ea2ffb1e3"

[[package]]
name = "user32-sys"
version = "0.2.0"
source = "registry+https://github.com/rust-lang/crates.io-index"
checksum = "4ef4711d107b21b410a3a974b1204d9accc8b10dad75d8324b5d755de1617d47"
dependencies = [
 "winapi 0.2.8",
 "winapi-build",
]

[[package]]
name = "vec_map"
version = "0.8.2"
source = "registry+https://github.com/rust-lang/crates.io-index"
checksum = "f1bddf1187be692e79c5ffeab891132dfb0f236ed36a43c7ed39f1165ee20191"

[[package]]
name = "wasm-bindgen"
version = "0.2.86"
source = "registry+https://github.com/rust-lang/crates.io-index"
checksum = "5bba0e8cb82ba49ff4e229459ff22a191bbe9a1cb3a341610c9c33efc27ddf73"
dependencies = [
 "cfg-if",
 "wasm-bindgen-macro",
]

[[package]]
name = "wasm-bindgen-backend"
version = "0.2.86"
source = "registry+https://github.com/rust-lang/crates.io-index"
checksum = "19b04bc93f9d6bdee709f6bd2118f57dd6679cf1176a1af464fca3ab0d66d8fb"
dependencies = [
 "bumpalo",
 "log",
 "once_cell",
 "proc-macro2",
 "quote",
 "syn",
 "wasm-bindgen-shared",
]

[[package]]
name = "wasm-bindgen-macro"
version = "0.2.86"
source = "registry+https://github.com/rust-lang/crates.io-index"
checksum = "14d6b024f1a526bb0234f52840389927257beb670610081360e5a03c5df9c258"
dependencies = [
 "quote",
 "wasm-bindgen-macro-support",
]

[[package]]
name = "wasm-bindgen-macro-support"
version = "0.2.86"
source = "registry+https://github.com/rust-lang/crates.io-index"
checksum = "e128beba882dd1eb6200e1dc92ae6c5dbaa4311aa7bb211ca035779e5efc39f8"
dependencies = [
 "proc-macro2",
 "quote",
 "syn",
 "wasm-bindgen-backend",
 "wasm-bindgen-shared",
]

[[package]]
name = "wasm-bindgen-shared"
version = "0.2.86"
source = "registry+https://github.com/rust-lang/crates.io-index"
checksum = "ed9d5b4305409d1fc9482fee2d7f9bcbf24b3972bf59817ef757e23982242a93"

[[package]]
name = "winapi"
version = "0.2.8"
source = "registry+https://github.com/rust-lang/crates.io-index"
checksum = "167dc9d6949a9b857f3451275e911c3f44255842c1f7a76f33c55103a909087a"

[[package]]
name = "winapi"
version = "0.3.9"
source = "registry+https://github.com/rust-lang/crates.io-index"
checksum = "5c839a674fcd7a98952e593242ea400abe93992746761e38641405d28b00f419"
dependencies = [
 "winapi-i686-pc-windows-gnu",
 "winapi-x86_64-pc-windows-gnu",
]

[[package]]
name = "winapi-build"
version = "0.1.1"
source = "registry+https://github.com/rust-lang/crates.io-index"
checksum = "2d315eee3b34aca4797b2da6b13ed88266e6d612562a0c46390af8299fc699bc"

[[package]]
name = "winapi-i686-pc-windows-gnu"
version = "0.4.0"
source = "registry+https://github.com/rust-lang/crates.io-index"
checksum = "ac3b87c63620426dd9b991e5ce0329eff545bccbbb34f3be09ff6fb6ab51b7b6"

[[package]]
name = "winapi-x86_64-pc-windows-gnu"
version = "0.4.0"
source = "registry+https://github.com/rust-lang/crates.io-index"
checksum = "712e227841d057c1ee1cd2fb22fa7e5a5461ae8e48fa2ca79ec42cfc1931183f"

[[package]]
name = "windows"
version = "0.48.0"
source = "registry+https://github.com/rust-lang/crates.io-index"
checksum = "e686886bc078bc1b0b600cac0147aadb815089b6e4da64016cbd754b6342700f"
dependencies = [
 "windows-targets",
]

[[package]]
name = "windows-targets"
version = "0.48.0"
source = "registry+https://github.com/rust-lang/crates.io-index"
checksum = "7b1eb6f0cd7c80c79759c929114ef071b87354ce476d9d94271031c0497adfd5"
dependencies = [
 "windows_aarch64_gnullvm",
 "windows_aarch64_msvc",
 "windows_i686_gnu",
 "windows_i686_msvc",
 "windows_x86_64_gnu",
 "windows_x86_64_gnullvm",
 "windows_x86_64_msvc",
]

[[package]]
name = "windows_aarch64_gnullvm"
version = "0.48.0"
source = "registry+https://github.com/rust-lang/crates.io-index"
checksum = "91ae572e1b79dba883e0d315474df7305d12f569b400fcf90581b06062f7e1bc"

[[package]]
name = "windows_aarch64_msvc"
version = "0.48.0"
source = "registry+https://github.com/rust-lang/crates.io-index"
checksum = "b2ef27e0d7bdfcfc7b868b317c1d32c641a6fe4629c171b8928c7b08d98d7cf3"

[[package]]
name = "windows_i686_gnu"
version = "0.48.0"
source = "registry+https://github.com/rust-lang/crates.io-index"
checksum = "622a1962a7db830d6fd0a69683c80a18fda201879f0f447f065a3b7467daa241"

[[package]]
name = "windows_i686_msvc"
version = "0.48.0"
source = "registry+https://github.com/rust-lang/crates.io-index"
checksum = "4542c6e364ce21bf45d69fdd2a8e455fa38d316158cfd43b3ac1c5b1b19f8e00"

[[package]]
name = "windows_x86_64_gnu"
version = "0.48.0"
source = "registry+https://github.com/rust-lang/crates.io-index"
checksum = "ca2b8a661f7628cbd23440e50b05d705db3686f894fc9580820623656af974b1"

[[package]]
name = "windows_x86_64_gnullvm"
version = "0.48.0"
source = "registry+https://github.com/rust-lang/crates.io-index"
checksum = "7896dbc1f41e08872e9d5e8f8baa8fdd2677f29468c4e156210174edc7f7b953"

[[package]]
name = "windows_x86_64_msvc"
version = "0.48.0"
source = "registry+https://github.com/rust-lang/crates.io-index"
checksum = "1a515f5799fe4961cb532f983ce2b23082366b898e52ffbce459c86f67c8378a"

[[package]]
name = "x11"
version = "2.18.2"
source = "registry+https://github.com/rust-lang/crates.io-index"
checksum = "77ecd092546cb16f25783a5451538e73afc8d32e242648d54f4ae5459ba1e773"
dependencies = [
 "libc",
 "pkg-config",
]
